
Microsoft Visual Studio Solution File, Format Version 12.00
# Visual Studio 15
VisualStudioVersion = 15.0.26430.14
MinimumVisualStudioVersion = 10.0.40219.1
Project("{FAE04EC0-301F-11D3-BF4B-00C04F79EFBC}") = "AppDemo.Android", "AppDemo\AppDemo.Android\AppDemo.Android.csproj", "{B3BBA465-0DF6-463C-861E-98A18830DCF3}"
EndProject
Project("{FAE04EC0-301F-11D3-BF4B-00C04F79EFBC}") = "AppDemo", "AppDemo\AppDemo\AppDemo.csproj", "{73770FE9-39BF-4568-8FB6-209E6FE5EF14}"
EndProject
Project("{FAE04EC0-301F-11D3-BF4B-00C04F79EFBC}") = "AppDemo.UWP", "AppDemo\AppDemo.UWP\AppDemo.UWP.csproj", "{B3149515-3E56-49A5-9D61-F714A70DCF05}"
EndProject
Project("{FAE04EC0-301F-11D3-BF4B-00C04F79EFBC}") = "AppDemo.iOS", "AppDemo\AppDemo.iOS\AppDemo.iOS.csproj", "{2E892BCB-49E4-49E7-8F87-B969E67B4C48}"
EndProject
Global
	GlobalSection(SolutionConfigurationPlatforms) = preSolution
		Ad-Hoc|Any CPU = Ad-Hoc|Any CPU
		Ad-Hoc|ARM = Ad-Hoc|ARM
		Ad-Hoc|iPhone = Ad-Hoc|iPhone
		Ad-Hoc|iPhoneSimulator = Ad-Hoc|iPhoneSimulator
		Ad-Hoc|x64 = Ad-Hoc|x64
		Ad-Hoc|x86 = Ad-Hoc|x86
		AppStore|Any CPU = AppStore|Any CPU
		AppStore|ARM = AppStore|ARM
		AppStore|iPhone = AppStore|iPhone
		AppStore|iPhoneSimulator = AppStore|iPhoneSimulator
		AppStore|x64 = AppStore|x64
		AppStore|x86 = AppStore|x86
		Debug|Any CPU = Debug|Any CPU
		Debug|ARM = Debug|ARM
		Debug|iPhone = Debug|iPhone
		Debug|iPhoneSimulator = Debug|iPhoneSimulator
		Debug|x64 = Debug|x64
		Debug|x86 = Debug|x86
		Release|Any CPU = Release|Any CPU
		Release|ARM = Release|ARM
		Release|iPhone = Release|iPhone
		Release|iPhoneSimulator = Release|iPhoneSimulator
		Release|x64 = Release|x64
		Release|x86 = Release|x86
	EndGlobalSection
	GlobalSection(ProjectConfigurationPlatforms) = postSolution
		{B3BBA465-0DF6-463C-861E-98A18830DCF3}.Ad-Hoc|Any CPU.ActiveCfg = Release|Any CPU
		{B3BBA465-0DF6-463C-861E-98A18830DCF3}.Ad-Hoc|Any CPU.Build.0 = Release|Any CPU
		{B3BBA465-0DF6-463C-861E-98A18830DCF3}.Ad-Hoc|Any CPU.Deploy.0 = Release|Any CPU
		{B3BBA465-0DF6-463C-861E-98A18830DCF3}.Ad-Hoc|ARM.ActiveCfg = Release|Any CPU
		{B3BBA465-0DF6-463C-861E-98A18830DCF3}.Ad-Hoc|ARM.Build.0 = Release|Any CPU
		{B3BBA465-0DF6-463C-861E-98A18830DCF3}.Ad-Hoc|ARM.Deploy.0 = Release|Any CPU
		{B3BBA465-0DF6-463C-861E-98A18830DCF3}.Ad-Hoc|iPhone.ActiveCfg = Release|Any CPU
		{B3BBA465-0DF6-463C-861E-98A18830DCF3}.Ad-Hoc|iPhone.Build.0 = Release|Any CPU
		{B3BBA465-0DF6-463C-861E-98A18830DCF3}.Ad-Hoc|iPhone.Deploy.0 = Release|Any CPU
		{B3BBA465-0DF6-463C-861E-98A18830DCF3}.Ad-Hoc|iPhoneSimulator.ActiveCfg = Release|Any CPU
		{B3BBA465-0DF6-463C-861E-98A18830DCF3}.Ad-Hoc|iPhoneSimulator.Build.0 = Release|Any CPU
		{B3BBA465-0DF6-463C-861E-98A18830DCF3}.Ad-Hoc|iPhoneSimulator.Deploy.0 = Release|Any CPU
		{B3BBA465-0DF6-463C-861E-98A18830DCF3}.Ad-Hoc|x64.ActiveCfg = Release|Any CPU
		{B3BBA465-0DF6-463C-861E-98A18830DCF3}.Ad-Hoc|x64.Build.0 = Release|Any CPU
		{B3BBA465-0DF6-463C-861E-98A18830DCF3}.Ad-Hoc|x64.Deploy.0 = Release|Any CPU
		{B3BBA465-0DF6-463C-861E-98A18830DCF3}.Ad-Hoc|x86.ActiveCfg = Release|Any CPU
		{B3BBA465-0DF6-463C-861E-98A18830DCF3}.Ad-Hoc|x86.Build.0 = Release|Any CPU
		{B3BBA465-0DF6-463C-861E-98A18830DCF3}.Ad-Hoc|x86.Deploy.0 = Release|Any CPU
		{B3BBA465-0DF6-463C-861E-98A18830DCF3}.AppStore|Any CPU.ActiveCfg = Release|Any CPU
		{B3BBA465-0DF6-463C-861E-98A18830DCF3}.AppStore|Any CPU.Build.0 = Release|Any CPU
		{B3BBA465-0DF6-463C-861E-98A18830DCF3}.AppStore|Any CPU.Deploy.0 = Release|Any CPU
		{B3BBA465-0DF6-463C-861E-98A18830DCF3}.AppStore|ARM.ActiveCfg = Release|Any CPU
		{B3BBA465-0DF6-463C-861E-98A18830DCF3}.AppStore|ARM.Build.0 = Release|Any CPU
		{B3BBA465-0DF6-463C-861E-98A18830DCF3}.AppStore|ARM.Deploy.0 = Release|Any CPU
		{B3BBA465-0DF6-463C-861E-98A18830DCF3}.AppStore|iPhone.ActiveCfg = Release|Any CPU
		{B3BBA465-0DF6-463C-861E-98A18830DCF3}.AppStore|iPhone.Build.0 = Release|Any CPU
		{B3BBA465-0DF6-463C-861E-98A18830DCF3}.AppStore|iPhone.Deploy.0 = Release|Any CPU
		{B3BBA465-0DF6-463C-861E-98A18830DCF3}.AppStore|iPhoneSimulator.ActiveCfg = Release|Any CPU
		{B3BBA465-0DF6-463C-861E-98A18830DCF3}.AppStore|iPhoneSimulator.Build.0 = Release|Any CPU
		{B3BBA465-0DF6-463C-861E-98A18830DCF3}.AppStore|iPhoneSimulator.Deploy.0 = Release|Any CPU
		{B3BBA465-0DF6-463C-861E-98A18830DCF3}.AppStore|x64.ActiveCfg = Release|Any CPU
		{B3BBA465-0DF6-463C-861E-98A18830DCF3}.AppStore|x64.Build.0 = Release|Any CPU
		{B3BBA465-0DF6-463C-861E-98A18830DCF3}.AppStore|x64.Deploy.0 = Release|Any CPU
		{B3BBA465-0DF6-463C-861E-98A18830DCF3}.AppStore|x86.ActiveCfg = Release|Any CPU
		{B3BBA465-0DF6-463C-861E-98A18830DCF3}.AppStore|x86.Build.0 = Release|Any CPU
		{B3BBA465-0DF6-463C-861E-98A18830DCF3}.AppStore|x86.Deploy.0 = Release|Any CPU
		{B3BBA465-0DF6-463C-861E-98A18830DCF3}.Debug|Any CPU.ActiveCfg = Debug|Any CPU
		{B3BBA465-0DF6-463C-861E-98A18830DCF3}.Debug|Any CPU.Build.0 = Debug|Any CPU
		{B3BBA465-0DF6-463C-861E-98A18830DCF3}.Debug|Any CPU.Deploy.0 = Debug|Any CPU
		{B3BBA465-0DF6-463C-861E-98A18830DCF3}.Debug|ARM.ActiveCfg = Debug|Any CPU
		{B3BBA465-0DF6-463C-861E-98A18830DCF3}.Debug|ARM.Build.0 = Debug|Any CPU
		{B3BBA465-0DF6-463C-861E-98A18830DCF3}.Debug|ARM.Deploy.0 = Debug|Any CPU
		{B3BBA465-0DF6-463C-861E-98A18830DCF3}.Debug|iPhone.ActiveCfg = Debug|Any CPU
		{B3BBA465-0DF6-463C-861E-98A18830DCF3}.Debug|iPhone.Build.0 = Debug|Any CPU
		{B3BBA465-0DF6-463C-861E-98A18830DCF3}.Debug|iPhone.Deploy.0 = Debug|Any CPU
		{B3BBA465-0DF6-463C-861E-98A18830DCF3}.Debug|iPhoneSimulator.ActiveCfg = Debug|Any CPU
		{B3BBA465-0DF6-463C-861E-98A18830DCF3}.Debug|iPhoneSimulator.Build.0 = Debug|Any CPU
		{B3BBA465-0DF6-463C-861E-98A18830DCF3}.Debug|iPhoneSimulator.Deploy.0 = Debug|Any CPU
		{B3BBA465-0DF6-463C-861E-98A18830DCF3}.Debug|x64.ActiveCfg = Debug|Any CPU
		{B3BBA465-0DF6-463C-861E-98A18830DCF3}.Debug|x64.Build.0 = Debug|Any CPU
		{B3BBA465-0DF6-463C-861E-98A18830DCF3}.Debug|x64.Deploy.0 = Debug|Any CPU
		{B3BBA465-0DF6-463C-861E-98A18830DCF3}.Debug|x86.ActiveCfg = Debug|Any CPU
		{B3BBA465-0DF6-463C-861E-98A18830DCF3}.Debug|x86.Build.0 = Debug|Any CPU
		{B3BBA465-0DF6-463C-861E-98A18830DCF3}.Debug|x86.Deploy.0 = Debug|Any CPU
		{B3BBA465-0DF6-463C-861E-98A18830DCF3}.Release|Any CPU.ActiveCfg = Release|Any CPU
		{B3BBA465-0DF6-463C-861E-98A18830DCF3}.Release|Any CPU.Build.0 = Release|Any CPU
		{B3BBA465-0DF6-463C-861E-98A18830DCF3}.Release|Any CPU.Deploy.0 = Release|Any CPU
		{B3BBA465-0DF6-463C-861E-98A18830DCF3}.Release|ARM.ActiveCfg = Release|Any CPU
		{B3BBA465-0DF6-463C-861E-98A18830DCF3}.Release|ARM.Build.0 = Release|Any CPU
		{B3BBA465-0DF6-463C-861E-98A18830DCF3}.Release|ARM.Deploy.0 = Release|Any CPU
		{B3BBA465-0DF6-463C-861E-98A18830DCF3}.Release|iPhone.ActiveCfg = Release|Any CPU
		{B3BBA465-0DF6-463C-861E-98A18830DCF3}.Release|iPhone.Build.0 = Release|Any CPU
		{B3BBA465-0DF6-463C-861E-98A18830DCF3}.Release|iPhone.Deploy.0 = Release|Any CPU
		{B3BBA465-0DF6-463C-861E-98A18830DCF3}.Release|iPhoneSimulator.ActiveCfg = Release|Any CPU
		{B3BBA465-0DF6-463C-861E-98A18830DCF3}.Release|iPhoneSimulator.Build.0 = Release|Any CPU
		{B3BBA465-0DF6-463C-861E-98A18830DCF3}.Release|iPhoneSimulator.Deploy.0 = Release|Any CPU
		{B3BBA465-0DF6-463C-861E-98A18830DCF3}.Release|x64.ActiveCfg = Release|Any CPU
		{B3BBA465-0DF6-463C-861E-98A18830DCF3}.Release|x64.Build.0 = Release|Any CPU
		{B3BBA465-0DF6-463C-861E-98A18830DCF3}.Release|x64.Deploy.0 = Release|Any CPU
		{B3BBA465-0DF6-463C-861E-98A18830DCF3}.Release|x86.ActiveCfg = Release|Any CPU
		{B3BBA465-0DF6-463C-861E-98A18830DCF3}.Release|x86.Build.0 = Release|Any CPU
		{B3BBA465-0DF6-463C-861E-98A18830DCF3}.Release|x86.Deploy.0 = Release|Any CPU
		{73770FE9-39BF-4568-8FB6-209E6FE5EF14}.Ad-Hoc|Any CPU.ActiveCfg = Release|Any CPU
		{73770FE9-39BF-4568-8FB6-209E6FE5EF14}.Ad-Hoc|Any CPU.Build.0 = Release|Any CPU
		{73770FE9-39BF-4568-8FB6-209E6FE5EF14}.Ad-Hoc|ARM.ActiveCfg = Release|Any CPU
		{73770FE9-39BF-4568-8FB6-209E6FE5EF14}.Ad-Hoc|ARM.Build.0 = Release|Any CPU
		{73770FE9-39BF-4568-8FB6-209E6FE5EF14}.Ad-Hoc|iPhone.ActiveCfg = Release|Any CPU
		{73770FE9-39BF-4568-8FB6-209E6FE5EF14}.Ad-Hoc|iPhone.Build.0 = Release|Any CPU
		{73770FE9-39BF-4568-8FB6-209E6FE5EF14}.Ad-Hoc|iPhoneSimulator.ActiveCfg = Release|Any CPU
		{73770FE9-39BF-4568-8FB6-209E6FE5EF14}.Ad-Hoc|iPhoneSimulator.Build.0 = Release|Any CPU
		{73770FE9-39BF-4568-8FB6-209E6FE5EF14}.Ad-Hoc|x64.ActiveCfg = Release|Any CPU
		{73770FE9-39BF-4568-8FB6-209E6FE5EF14}.Ad-Hoc|x64.Build.0 = Release|Any CPU
		{73770FE9-39BF-4568-8FB6-209E6FE5EF14}.Ad-Hoc|x86.ActiveCfg = Release|Any CPU
		{73770FE9-39BF-4568-8FB6-209E6FE5EF14}.Ad-Hoc|x86.Build.0 = Release|Any CPU
		{73770FE9-39BF-4568-8FB6-209E6FE5EF14}.AppStore|Any CPU.ActiveCfg = Release|Any CPU
		{73770FE9-39BF-4568-8FB6-209E6FE5EF14}.AppStore|Any CPU.Build.0 = Release|Any CPU
		{73770FE9-39BF-4568-8FB6-209E6FE5EF14}.AppStore|ARM.ActiveCfg = Release|Any CPU
		{73770FE9-39BF-4568-8FB6-209E6FE5EF14}.AppStore|ARM.Build.0 = Release|Any CPU
		{73770FE9-39BF-4568-8FB6-209E6FE5EF14}.AppStore|iPhone.ActiveCfg = Release|Any CPU
		{73770FE9-39BF-4568-8FB6-209E6FE5EF14}.AppStore|iPhone.Build.0 = Release|Any CPU
		{73770FE9-39BF-4568-8FB6-209E6FE5EF14}.AppStore|iPhoneSimulator.ActiveCfg = Release|Any CPU
		{73770FE9-39BF-4568-8FB6-209E6FE5EF14}.AppStore|iPhoneSimulator.Build.0 = Release|Any CPU
		{73770FE9-39BF-4568-8FB6-209E6FE5EF14}.AppStore|x64.ActiveCfg = Release|Any CPU
		{73770FE9-39BF-4568-8FB6-209E6FE5EF14}.AppStore|x64.Build.0 = Release|Any CPU
		{73770FE9-39BF-4568-8FB6-209E6FE5EF14}.AppStore|x86.ActiveCfg = Release|Any CPU
		{73770FE9-39BF-4568-8FB6-209E6FE5EF14}.AppStore|x86.Build.0 = Release|Any CPU
		{73770FE9-39BF-4568-8FB6-209E6FE5EF14}.Debug|Any CPU.ActiveCfg = Debug|Any CPU
		{73770FE9-39BF-4568-8FB6-209E6FE5EF14}.Debug|Any CPU.Build.0 = Debug|Any CPU
		{73770FE9-39BF-4568-8FB6-209E6FE5EF14}.Debug|ARM.ActiveCfg = Debug|Any CPU
		{73770FE9-39BF-4568-8FB6-209E6FE5EF14}.Debug|ARM.Build.0 = Debug|Any CPU
		{73770FE9-39BF-4568-8FB6-209E6FE5EF14}.Debug|iPhone.ActiveCfg = Debug|Any CPU
		{73770FE9-39BF-4568-8FB6-209E6FE5EF14}.Debug|iPhone.Build.0 = Debug|Any CPU
		{73770FE9-39BF-4568-8FB6-209E6FE5EF14}.Debug|iPhoneSimulator.ActiveCfg = Debug|Any CPU
		{73770FE9-39BF-4568-8FB6-209E6FE5EF14}.Debug|iPhoneSimulator.Build.0 = Debug|Any CPU
		{73770FE9-39BF-4568-8FB6-209E6FE5EF14}.Debug|x64.ActiveCfg = Debug|Any CPU
		{73770FE9-39BF-4568-8FB6-209E6FE5EF14}.Debug|x64.Build.0 = Debug|Any CPU
		{73770FE9-39BF-4568-8FB6-209E6FE5EF14}.Debug|x86.ActiveCfg = Debug|Any CPU
		{73770FE9-39BF-4568-8FB6-209E6FE5EF14}.Debug|x86.Build.0 = Debug|Any CPU
		{73770FE9-39BF-4568-8FB6-209E6FE5EF14}.Release|Any CPU.ActiveCfg = Release|Any CPU
		{73770FE9-39BF-4568-8FB6-209E6FE5EF14}.Release|Any CPU.Build.0 = Release|Any CPU
		{73770FE9-39BF-4568-8FB6-209E6FE5EF14}.Release|ARM.ActiveCfg = Release|Any CPU
		{73770FE9-39BF-4568-8FB6-209E6FE5EF14}.Release|ARM.Build.0 = Release|Any CPU
		{73770FE9-39BF-4568-8FB6-209E6FE5EF14}.Release|iPhone.ActiveCfg = Release|Any CPU
		{73770FE9-39BF-4568-8FB6-209E6FE5EF14}.Release|iPhone.Build.0 = Release|Any CPU
		{73770FE9-39BF-4568-8FB6-209E6FE5EF14}.Release|iPhoneSimulator.ActiveCfg = Release|Any CPU
		{73770FE9-39BF-4568-8FB6-209E6FE5EF14}.Release|iPhoneSimulator.Build.0 = Release|Any CPU
		{73770FE9-39BF-4568-8FB6-209E6FE5EF14}.Release|x64.ActiveCfg = Release|Any CPU
		{73770FE9-39BF-4568-8FB6-209E6FE5EF14}.Release|x64.Build.0 = Release|Any CPU
		{73770FE9-39BF-4568-8FB6-209E6FE5EF14}.Release|x86.ActiveCfg = Release|Any CPU
		{73770FE9-39BF-4568-8FB6-209E6FE5EF14}.Release|x86.Build.0 = Release|Any CPU
		{B3149515-3E56-49A5-9D61-F714A70DCF05}.Ad-Hoc|Any CPU.ActiveCfg = Release|x86
		{B3149515-3E56-49A5-9D61-F714A70DCF05}.Ad-Hoc|Any CPU.Build.0 = Release|x86
		{B3149515-3E56-49A5-9D61-F714A70DCF05}.Ad-Hoc|Any CPU.Deploy.0 = Release|x86
		{B3149515-3E56-49A5-9D61-F714A70DCF05}.Ad-Hoc|ARM.ActiveCfg = Release|ARM
		{B3149515-3E56-49A5-9D61-F714A70DCF05}.Ad-Hoc|ARM.Build.0 = Release|ARM
		{B3149515-3E56-49A5-9D61-F714A70DCF05}.Ad-Hoc|ARM.Deploy.0 = Release|ARM
		{B3149515-3E56-49A5-9D61-F714A70DCF05}.Ad-Hoc|iPhone.ActiveCfg = Release|x86
		{B3149515-3E56-49A5-9D61-F714A70DCF05}.Ad-Hoc|iPhone.Build.0 = Release|x86
		{B3149515-3E56-49A5-9D61-F714A70DCF05}.Ad-Hoc|iPhone.Deploy.0 = Release|x86
		{B3149515-3E56-49A5-9D61-F714A70DCF05}.Ad-Hoc|iPhoneSimulator.ActiveCfg = Release|x86
		{B3149515-3E56-49A5-9D61-F714A70DCF05}.Ad-Hoc|iPhoneSimulator.Build.0 = Release|x86
		{B3149515-3E56-49A5-9D61-F714A70DCF05}.Ad-Hoc|iPhoneSimulator.Deploy.0 = Release|x86
		{B3149515-3E56-49A5-9D61-F714A70DCF05}.Ad-Hoc|x64.ActiveCfg = Release|x64
		{B3149515-3E56-49A5-9D61-F714A70DCF05}.Ad-Hoc|x64.Build.0 = Release|x64
		{B3149515-3E56-49A5-9D61-F714A70DCF05}.Ad-Hoc|x64.Deploy.0 = Release|x64
		{B3149515-3E56-49A5-9D61-F714A70DCF05}.Ad-Hoc|x86.ActiveCfg = Release|x86
		{B3149515-3E56-49A5-9D61-F714A70DCF05}.Ad-Hoc|x86.Build.0 = Release|x86
		{B3149515-3E56-49A5-9D61-F714A70DCF05}.Ad-Hoc|x86.Deploy.0 = Release|x86
		{B3149515-3E56-49A5-9D61-F714A70DCF05}.AppStore|Any CPU.ActiveCfg = Release|x86
		{B3149515-3E56-49A5-9D61-F714A70DCF05}.AppStore|Any CPU.Build.0 = Release|x86
		{B3149515-3E56-49A5-9D61-F714A70DCF05}.AppStore|Any CPU.Deploy.0 = Release|x86
		{B3149515-3E56-49A5-9D61-F714A70DCF05}.AppStore|ARM.ActiveCfg = Release|ARM
		{B3149515-3E56-49A5-9D61-F714A70DCF05}.AppStore|ARM.Build.0 = Release|ARM
		{B3149515-3E56-49A5-9D61-F714A70DCF05}.AppStore|ARM.Deploy.0 = Release|ARM
		{B3149515-3E56-49A5-9D61-F714A70DCF05}.AppStore|iPhone.ActiveCfg = Release|x86
		{B3149515-3E56-49A5-9D61-F714A70DCF05}.AppStore|iPhone.Build.0 = Release|x86
		{B3149515-3E56-49A5-9D61-F714A70DCF05}.AppStore|iPhone.Deploy.0 = Release|x86
		{B3149515-3E56-49A5-9D61-F714A70DCF05}.AppStore|iPhoneSimulator.ActiveCfg = Release|x86
		{B3149515-3E56-49A5-9D61-F714A70DCF05}.AppStore|iPhoneSimulator.Build.0 = Release|x86
		{B3149515-3E56-49A5-9D61-F714A70DCF05}.AppStore|iPhoneSimulator.Deploy.0 = Release|x86
		{B3149515-3E56-49A5-9D61-F714A70DCF05}.AppStore|x64.ActiveCfg = Release|x64
		{B3149515-3E56-49A5-9D61-F714A70DCF05}.AppStore|x64.Build.0 = Release|x64
		{B3149515-3E56-49A5-9D61-F714A70DCF05}.AppStore|x64.Deploy.0 = Release|x64
		{B3149515-3E56-49A5-9D61-F714A70DCF05}.AppStore|x86.ActiveCfg = Release|x86
		{B3149515-3E56-49A5-9D61-F714A70DCF05}.AppStore|x86.Build.0 = Release|x86
		{B3149515-3E56-49A5-9D61-F714A70DCF05}.AppStore|x86.Deploy.0 = Release|x86
		{B3149515-3E56-49A5-9D61-F714A70DCF05}.Debug|Any CPU.ActiveCfg = Debug|x86
		{B3149515-3E56-49A5-9D61-F714A70DCF05}.Debug|ARM.ActiveCfg = Debug|ARM
		{B3149515-3E56-49A5-9D61-F714A70DCF05}.Debug|ARM.Build.0 = Debug|ARM
		{B3149515-3E56-49A5-9D61-F714A70DCF05}.Debug|ARM.Deploy.0 = Debug|ARM
		{B3149515-3E56-49A5-9D61-F714A70DCF05}.Debug|iPhone.ActiveCfg = Debug|x86
		{B3149515-3E56-49A5-9D61-F714A70DCF05}.Debug|iPhoneSimulator.ActiveCfg = Debug|x86
		{B3149515-3E56-49A5-9D61-F714A70DCF05}.Debug|x64.ActiveCfg = Debug|x64
		{B3149515-3E56-49A5-9D61-F714A70DCF05}.Debug|x64.Build.0 = Debug|x64
		{B3149515-3E56-49A5-9D61-F714A70DCF05}.Debug|x64.Deploy.0 = Debug|x64
		{B3149515-3E56-49A5-9D61-F714A70DCF05}.Debug|x86.ActiveCfg = Debug|x86
		{B3149515-3E56-49A5-9D61-F714A70DCF05}.Debug|x86.Build.0 = Debug|x86
		{B3149515-3E56-49A5-9D61-F714A70DCF05}.Debug|x86.Deploy.0 = Debug|x86
		{B3149515-3E56-49A5-9D61-F714A70DCF05}.Release|Any CPU.ActiveCfg = Release|x86
		{B3149515-3E56-49A5-9D61-F714A70DCF05}.Release|ARM.ActiveCfg = Release|ARM
		{B3149515-3E56-49A5-9D61-F714A70DCF05}.Release|ARM.Build.0 = Release|ARM
		{B3149515-3E56-49A5-9D61-F714A70DCF05}.Release|ARM.Deploy.0 = Release|ARM
		{B3149515-3E56-49A5-9D61-F714A70DCF05}.Release|iPhone.ActiveCfg = Release|x86
		{B3149515-3E56-49A5-9D61-F714A70DCF05}.Release|iPhoneSimulator.ActiveCfg = Release|x86
		{B3149515-3E56-49A5-9D61-F714A70DCF05}.Release|x64.ActiveCfg = Release|x64
		{B3149515-3E56-49A5-9D61-F714A70DCF05}.Release|x64.Build.0 = Release|x64
		{B3149515-3E56-49A5-9D61-F714A70DCF05}.Release|x64.Deploy.0 = Release|x64
		{B3149515-3E56-49A5-9D61-F714A70DCF05}.Release|x86.ActiveCfg = Release|x86
		{B3149515-3E56-49A5-9D61-F714A70DCF05}.Release|x86.Build.0 = Release|x86
		{B3149515-3E56-49A5-9D61-F714A70DCF05}.Release|x86.Deploy.0 = Release|x86
		{2E892BCB-49E4-49E7-8F87-B969E67B4C48}.Ad-Hoc|Any CPU.ActiveCfg = Ad-Hoc|iPhone
		{2E892BCB-49E4-49E7-8F87-B969E67B4C48}.Ad-Hoc|ARM.ActiveCfg = Ad-Hoc|iPhone
		{2E892BCB-49E4-49E7-8F87-B969E67B4C48}.Ad-Hoc|iPhone.ActiveCfg = Ad-Hoc|iPhone
		{2E892BCB-49E4-49E7-8F87-B969E67B4C48}.Ad-Hoc|iPhone.Build.0 = Ad-Hoc|iPhone
		{2E892BCB-49E4-49E7-8F87-B969E67B4C48}.Ad-Hoc|iPhoneSimulator.ActiveCfg = Ad-Hoc|iPhoneSimulator
		{2E892BCB-49E4-49E7-8F87-B969E67B4C48}.Ad-Hoc|iPhoneSimulator.Build.0 = Ad-Hoc|iPhoneSimulator
		{2E892BCB-49E4-49E7-8F87-B969E67B4C48}.Ad-Hoc|x64.ActiveCfg = Ad-Hoc|iPhone
		{2E892BCB-49E4-49E7-8F87-B969E67B4C48}.Ad-Hoc|x86.ActiveCfg = Ad-Hoc|iPhone
		{2E892BCB-49E4-49E7-8F87-B969E67B4C48}.AppStore|Any CPU.ActiveCfg = AppStore|iPhone
		{2E892BCB-49E4-49E7-8F87-B969E67B4C48}.AppStore|ARM.ActiveCfg = AppStore|iPhone
		{2E892BCB-49E4-49E7-8F87-B969E67B4C48}.AppStore|iPhone.ActiveCfg = AppStore|iPhone
		{2E892BCB-49E4-49E7-8F87-B969E67B4C48}.AppStore|iPhone.Build.0 = AppStore|iPhone
		{2E892BCB-49E4-49E7-8F87-B969E67B4C48}.AppStore|iPhoneSimulator.ActiveCfg = AppStore|iPhoneSimulator
		{2E892BCB-49E4-49E7-8F87-B969E67B4C48}.AppStore|iPhoneSimulator.Build.0 = AppStore|iPhoneSimulator
		{2E892BCB-49E4-49E7-8F87-B969E67B4C48}.AppStore|x64.ActiveCfg = AppStore|iPhone
		{2E892BCB-49E4-49E7-8F87-B969E67B4C48}.AppStore|x86.ActiveCfg = AppStore|iPhone
		{2E892BCB-49E4-49E7-8F87-B969E67B4C48}.Debug|Any CPU.ActiveCfg = Debug|iPhone
		{2E892BCB-49E4-49E7-8F87-B969E67B4C48}.Debug|ARM.ActiveCfg = Debug|iPhone
		{2E892BCB-49E4-49E7-8F87-B969E67B4C48}.Debug|iPhone.ActiveCfg = Debug|iPhone
		{2E892BCB-49E4-49E7-8F87-B969E67B4C48}.Debug|iPhone.Build.0 = Debug|iPhone
		{2E892BCB-49E4-49E7-8F87-B969E67B4C48}.Debug|iPhoneSimulator.ActiveCfg = Debug|iPhoneSimulator
		{2E892BCB-49E4-49E7-8F87-B969E67B4C48}.Debug|iPhoneSimulator.Build.0 = Debug|iPhoneSimulator
		{2E892BCB-49E4-49E7-8F87-B969E67B4C48}.Debug|x64.ActiveCfg = Debug|iPhone
		{2E892BCB-49E4-49E7-8F87-B969E67B4C48}.Debug|x86.ActiveCfg = Debug|iPhone
		{2E892BCB-49E4-49E7-8F87-B969E67B4C48}.Release|Any CPU.ActiveCfg = Release|iPhone
		{2E892BCB-49E4-49E7-8F87-B969E67B4C48}.Release|ARM.ActiveCfg = Release|iPhone
		{2E892BCB-49E4-49E7-8F87-B969E67B4C48}.Release|iPhone.ActiveCfg = Release|iPhone
		{2E892BCB-49E4-49E7-8F87-B969E67B4C48}.Release|iPhone.Build.0 = Release|iPhone
		{2E892BCB-49E4-49E7-8F87-B969E67B4C48}.Release|iPhoneSimulator.ActiveCfg = Release|iPhoneSimulator
		{2E892BCB-49E4-49E7-8F87-B969E67B4C48}.Release|iPhoneSimulator.Build.0 = Release|iPhoneSimulator
		{2E892BCB-49E4-49E7-8F87-B969E67B4C48}.Release|x64.ActiveCfg = Release|iPhone
		{2E892BCB-49E4-49E7-8F87-B969E67B4C48}.Release|x86.ActiveCfg = Release|iPhone
	EndGlobalSection
	GlobalSection(SolutionProperties) = preSolution
		HideSolutionNode = FALSE
	EndGlobalSection
EndGlobal
